
Microsoft Visual Studio Solution File, Format Version 12.00
# Visual Studio 15
VisualStudioVersion = 15.0.27004.2005
MinimumVisualStudioVersion = 10.0.40219.1
Project("{9A19103F-16F7-4668-BE54-9A1E7A4F7556}") = "EasyNuGet", "EasyNuGet\EasyNuGet.csproj", "{980337D2-48D4-423F-9B6B-6C4AC5618FC5}"
EndProject
Project("{FAE04EC0-301F-11D3-BF4B-00C04F79EFBC}") = "TestApp", "TestApp\TestApp.csproj", "{B0B6047C-D088-447E-9B3C-F77DA5091E7C}"
EndProject
Global
	GlobalSection(SolutionConfigurationPlatforms) = preSolution
		Debug|Any CPU = Debug|Any CPU
		Release|Any CPU = Release|Any CPU
	EndGlobalSection
	GlobalSection(ProjectConfigurationPlatforms) = postSolution
		{980337D2-48D4-423F-9B6B-6C4AC5618FC5}.Debug|Any CPU.ActiveCfg = Debug|Any CPU
		{980337D2-48D4-423F-9B6B-6C4AC5618FC5}.Debug|Any CPU.Build.0 = Debug|Any CPU
		{980337D2-48D4-423F-9B6B-6C4AC5618FC5}.Release|Any CPU.ActiveCfg = Release|Any CPU
		{980337D2-48D4-423F-9B6B-6C4AC5618FC5}.Release|Any CPU.Build.0 = Release|Any CPU
		{B0B6047C-D088-447E-9B3C-F77DA5091E7C}.Debug|Any CPU.ActiveCfg = Debug|Any CPU
		{B0B6047C-D088-447E-9B3C-F77DA5091E7C}.Debug|Any CPU.Build.0 = Debug|Any CPU
		{B0B6047C-D088-447E-9B3C-F77DA5091E7C}.Release|Any CPU.ActiveCfg = Release|Any CPU
		{B0B6047C-D088-447E-9B3C-F77DA5091E7C}.Release|Any CPU.Build.0 = Release|Any CPU
	EndGlobalSection
	GlobalSection(SolutionProperties) = preSolution
		HideSolutionNode = FALSE
	EndGlobalSection
	GlobalSection(ExtensibilityGlobals) = postSolution
		SolutionGuid = {6ECE4BF0-382F-493E-ADD2-F2A076466F60}
	EndGlobalSection
EndGlobal
